PODS:
  - KeychainAccess (2.3.5)
  - Kinvey (3.0.19):
    - KeychainAccess (~> 2.3.5)
    - PromiseKit (~> 3.1.1)
    - Realm (~> 0.103.0)
  - OMGHTTPURLRQ (3.1.2):
    - OMGHTTPURLRQ/RQ (= 3.1.2)
  - OMGHTTPURLRQ/FormURLEncode (3.1.2)
  - OMGHTTPURLRQ/RQ (3.1.2):
    - OMGHTTPURLRQ/FormURLEncode
    - OMGHTTPURLRQ/UserAgent
  - OMGHTTPURLRQ/UserAgent (3.1.2)
  - PromiseKit (3.1.1):
    - PromiseKit/Foundation (= 3.1.1)
    - PromiseKit/QuartzCore (= 3.1.1)
    - PromiseKit/UIKit (= 3.1.1)
  - PromiseKit/CorePromise (3.1.1)
  - PromiseKit/Foundation (3.1.1):
    - OMGHTTPURLRQ (~> 3.1.0)
    - PromiseKit/CorePromise
  - PromiseKit/QuartzCore (3.1.1):
    - PromiseKit/CorePromise
  - PromiseKit/UIKit (3.1.1):
    - PromiseKit/CorePromise
  - Realm (0.103.1):
    - Realm/Headers (= 0.103.1)
  - Realm/Headers (0.103.1)
  - SVProgressHUD (2.0.3)

DEPENDENCIES:
  - Kinvey
  - SVProgressHUD

SPEC CHECKSUMS:
  KeychainAccess: e283c1981a6c5655e1984cd411c6faf16fa165ae
  Kinvey: afbd7e2197103653b8d1fe294e3e5d9708dd4663
  OMGHTTPURLRQ: 38316b56d88125c600bcdb16df8329147da2b0ee
  PromiseKit: 4e8127c22a9b29d1b44958ab2ec762ea6115cbfb
  Realm: 9ed57109332e95bdc48a7caedff80b70c51d5ef4
  SVProgressHUD: b0830714205bea1317ea1a2ebc71e5633af334d4

COCOAPODS: 0.39.0
