PODS:
  - KeychainAccess (2.3.6)
  - Kinvey (3.0.23):
    - KeychainAccess (~> 2.3.5)
    - PromiseKit (~> 3.1.1)
    - Realm (~> 1.0.2)
    - RealmSwift (~> 1.0.2)
  - OMGHTTPURLRQ (3.1.2):
    - OMGHTTPURLRQ/RQ (= 3.1.2)
  - OMGHTTPURLRQ/FormURLEncode (3.1.2)
  - OMGHTTPURLRQ/RQ (3.1.2):
    - OMGHTTPURLRQ/FormURLEncode
    - OMGHTTPURLRQ/UserAgent
  - OMGHTTPURLRQ/UserAgent (3.1.2)
  - PromiseKit (3.1.1):
    - PromiseKit/Foundation (= 3.1.1)
    - PromiseKit/QuartzCore (= 3.1.1)
    - PromiseKit/UIKit (= 3.1.1)
  - PromiseKit/CorePromise (3.1.1)
  - PromiseKit/Foundation (3.1.1):
    - OMGHTTPURLRQ (~> 3.1.0)
    - PromiseKit/CorePromise
  - PromiseKit/QuartzCore (3.1.1):
    - PromiseKit/CorePromise
  - PromiseKit/UIKit (3.1.1):
    - PromiseKit/CorePromise
  - Realm (1.0.2):
    - Realm/Headers (= 1.0.2)
  - Realm/Headers (1.0.2)
  - RealmSwift (1.0.2):
    - Realm (= 1.0.2)
  - SVProgressHUD (2.0.3)

DEPENDENCIES:
  - Kinvey
  - SVProgressHUD

SPEC CHECKSUMS:
  KeychainAccess: 7f10e2ef998ddf954a64d5d608be08677774684d
  Kinvey: c4127847f8fef9e8ca974a2f3748436ab81be6d4
  OMGHTTPURLRQ: 38316b56d88125c600bcdb16df8329147da2b0ee
  PromiseKit: 4e8127c22a9b29d1b44958ab2ec762ea6115cbfb
  Realm: 9d5c46a4d7d27958530a8dfc58f63a99e5c2cba3
  RealmSwift: 82f3ac5e24530143dddfde2033acc0d308f27d96
  SVProgressHUD: b0830714205bea1317ea1a2ebc71e5633af334d4

COCOAPODS: 0.39.0
